
Microsoft Visual Studio Solution File, Format Version 12.00
# Visual Studio 2012
Project("{F184B08F-C81C-45F6-A57F-5ABD9991F28F}") = "formStudent", "formStudent.vbproj", "{FCAD3BD3-EFC8-49F7-B43B-E07775E19625}"
EndProject
Global
	GlobalSection(SolutionConfigurationPlatforms) = preSolution
		Debug|Any CPU = Debug|Any CPU
		Release|Any CPU = Release|Any CPU
	EndGlobalSection
	GlobalSection(ProjectConfigurationPlatforms) = postSolution
		{FCAD3BD3-EFC8-49F7-B43B-E07775E19625}.Debug|Any CPU.ActiveCfg = Debug|Any CPU
		{FCAD3BD3-EFC8-49F7-B43B-E07775E19625}.Debug|Any CPU.Build.0 = Debug|Any CPU
		{FCAD3BD3-EFC8-49F7-B43B-E07775E19625}.Release|Any CPU.ActiveCfg = Release|Any CPU
		{FCAD3BD3-EFC8-49F7-B43B-E07775E19625}.Release|Any CPU.Build.0 = Release|Any CPU
	EndGlobalSection
	GlobalSection(SolutionProperties) = preSolution
		HideSolutionNode = FALSE
	EndGlobalSection
EndGlobal
